<?xml version="1.0" encoding="utf-8"?>
<Project ToolsVersion="4.0" xmlns="http://schemas.microsoft.com/developer/msbuild/2003">
  <ItemGroup>
    <ClCompile Include="src\lockfree\lock_free_stack.hpp" />
    <ClCompile Include="src\main.cpp" />
    <ClCompile Include="src\TestMutex.hpp" />
  </ItemGroup>
  <ItemGroup>
    <ClInclude Include="src\worksteal\sync_deque.hpp" />
    <ClInclude Include="src\worksteal\thread_pool.hpp" />
    <ClInclude Include="src\worksteal\worker.hpp" />
    <ClInclude Include="src\spinlock.h" />
    <ClInclude Include="src\TestMeta.hpp" />
    <ClInclude Include="src\TimerTest.hpp" />
    <ClInclude Include="src\ringbuffer\ProducerConsumerQueue.h" />
    <ClInclude Include="src\worksteal\demo.hpp" />
    <ClInclude Include="src\ringbuffer\demo.hpp" />
    <ClInclude Include="src\worksteal\ThreadPool.hpp" />
  </ItemGroup>
</Project>